github.com/Rookiecom/cpuprofile v0.0.0-20240612091447-ec7f2ecfa3f6 h1:BhC5d1wcNSGE04wdx//+yyy4QNkoWkRhOYc7OprrTHs=
github.com/Rookiecom/cpuprofile v0.0.0-20240612091447-ec7f2ecfa3f6/go.mod h1:kM4Ruw6IUdSghx0BC+SsnO4qOhcmgVGFO3RE3kfninY=
github.com/Rookiecom/cpuprofile v0.0.0-20240612093703-7122dd6bef06 h1:YX6J6WzeMHmOybyMTL82fZGnSqkQlvhpu85/s8LJEWM=
github.com/Rookiecom/cpuprofile v0.0.0-20240612093703-7122dd6bef06/go.mod h1:kM4Ruw6IUdSghx0BC+SsnO4qOhcmgVGFO3RE3kfninY=
github.com/Rookiecom/cpuprofile v0.0.0-20240612100834-0e6ec721f38f h1:D8T3YeGgutxf2iAkii+WmDhTlC9POoQdbxXucm4lG/c=
github.com/Rookiecom/cpuprofile v0.0.0-20240612100834-0e6ec721f38f/go.mod h1:kM4Ruw6IUdSghx0BC+SsnO4qOhcmgVGFO3RE3kfninY=
github.com/Rookiecom/cpuprofile v0.0.0-20240612102251-48fd83c39083 h1:Gq9N3Ag+A7KBHTaDYNzO36ox9Yv0iWshHNLi1Y43ndQ=
github.com/Rookiecom/cpuprofile v0.0.0-20240612102251-48fd83c39083/go.mod h1:kM4Ruw6IUdSghx0BC+SsnO4qOhcmgVGFO3RE3kfninY=
github.com/Rookiecom/cpuprofile v0.0.0-20240612150751-1d111249a6e1 h1:WiZfiWdRGg6OJwsjaf3QPs+/iEOnLLoduA99U9yBge8=
github.com/Rookiecom/cpuprofile v0.0.0-20240612150751-1d111249a6e1/go.mod h1:kM4Ruw6IUdSghx0BC+SsnO4qOhcmgVGFO3RE3kfninY=
github.com/google/pprof v0.0.0-20240528025155-186aa0362fba h1:ql1qNgCyOB7iAEk8JTNM+zJrgIbnyCKX/wdlyPufP5g=
github.com/google/pprof v0.0.0-20240528025155-186aa0362fba/go.mod h1:K1liHPHnj73Fdn/EKuT8nrFqBihUSKXoLYU0BuatOYo=
